PODS:
  - CocoaAsyncSocket (7.6.5)
  - Flutter (1.0.0)
  - KTVCocoaHTTPServer (1.0.0):
    - CocoaAsyncSocket
  - KTVHTTPCache (2.0.0):
    - KTVCocoaHTTPServer
  - multi_image_picker (0.0.2):
    - Flutter
    - KTVHTTPCache (= 2.0.0)

DEPENDENCIES:
  - Flutter (from `Flutter`)
  - multi_image_picker (from `.symlinks/plugins/multi_image_picker/ios`)

SPEC REPOS:
  trunk:
    - CocoaAsyncSocket
    - KTVCocoaHTTPServer
    - KTVHTTPCache

EXTERNAL SOURCES:
  Flutter:
    :path: Flutter
  multi_image_picker:
    :path: ".symlinks/plugins/multi_image_picker/ios"

SPEC CHECKSUMS:
  CocoaAsyncSocket: 065fd1e645c7abab64f7a6a2007a48038fdc6a99
  Flutter: 50d75fe2f02b26cc09d224853bb45737f8b3214a
  KTVCocoaHTTPServer: df8d7b861e603ff8037e9b2138aca2563a6b768d
  KTVHTTPCache: d794fc52c7df58ec7991e0ac4dfe1c938c99bfd8
  multi_image_picker: 24f496602862e95e0958273d364a84e694a0351e

PODFILE CHECKSUM: 00317b4ebb948e8eeb77b89431142bc733dd0ab8

COCOAPODS: 1.11.2
