PODS:
  - Flutter (1.0.0)
  - multi_image_picker (0.0.1):
    - Flutter

DEPENDENCIES:
  - Flutter (from `Flutter`)
  - multi_image_picker (from `.symlinks/plugins/multi_image_picker/ios`)

EXTERNAL SOURCES:
  Flutter:
    :path: Flutter
  multi_image_picker:
    :path: ".symlinks/plugins/multi_image_picker/ios"

SPEC CHECKSUMS:
  Flutter: 50d75fe2f02b26cc09d224853bb45737f8b3214a
  multi_image_picker: 928c37b2c14d5c2b01fad589c2a26a354d36e520

PODFILE CHECKSUM: 8e679eca47255a8ca8067c4c67aab20e64cb974d

COCOAPODS: 1.11.2
